
Microsoft Visual Studio Solution File, Format Version 12.00
# Visual Studio Version 17
VisualStudioVersion = 17.12.35728.132
MinimumVisualStudioVersion = 10.0.40219.1
Project("{8BC9CEB8-8B4A-11D0-8D11-00A0C91BC942}") = "NetworkLib", "NetworkLib\NetworkLib.vcxproj", "{4C95AD3B-6399-48B6-B9C9-62714E37B650}"
EndProject
Project("{8BC9CEB8-8B4A-11D0-8D11-00A0C91BC942}") = "Foundation", "Foundation\Foundation.vcxproj", "{1E3B65A5-5AE3-4AA0-9471-88AB92F756D4}"
EndProject
Project("{8BC9CEB8-8B4A-11D0-8D11-00A0C91BC942}") = "ContentsRuntime", "ContentsRuntime\ContentsRuntime.vcxproj", "{6DDA23C4-7151-41D4-8C7A-2CEB33453FD6}"
EndProject
Project("{8BC9CEB8-8B4A-11D0-8D11-00A0C91BC942}") = "EchoServer", "EchoServer\EchoServer.vcxproj", "{CB80450E-2A66-4A95-95D8-BC341C62C3A1}"
	ProjectSection(ProjectDependencies) = postProject
		{6DDA23C4-7151-41D4-8C7A-2CEB33453FD6} = {6DDA23C4-7151-41D4-8C7A-2CEB33453FD6}
		{1E3B65A5-5AE3-4AA0-9471-88AB92F756D4} = {1E3B65A5-5AE3-4AA0-9471-88AB92F756D4}
		{4C95AD3B-6399-48B6-B9C9-62714E37B650} = {4C95AD3B-6399-48B6-B9C9-62714E37B650}
	EndProjectSection
EndProject
Project("{8BC9CEB8-8B4A-11D0-8D11-00A0C91BC942}") = "EchoClient", "EchoClient\EchoClient.vcxproj", "{6844A1A8-C2AB-4C43-9025-264AE7EC7E5B}"
EndProject
Project("{8BC9CEB8-8B4A-11D0-8D11-00A0C91BC942}") = "LockFreeTests", "LockFreeTests\LockFreeTests.vcxproj", "{A7B5FD29-C4D6-4C41-9D67-59B3D4FEA2D1}"
	ProjectSection(ProjectDependencies) = postProject
		{4C95AD3B-6399-48B6-B9C9-62714E37B650} = {4C95AD3B-6399-48B6-B9C9-62714E37B650}
	EndProjectSection
EndProject
Project("{8BC9CEB8-8B4A-11D0-8D11-00A0C91BC942}") = "LockFreeQueueSoakTest", "LockFreeQueueSoakTest\LockFreeQueueSoakTest.vcxproj", "{C52E48EE-0B32-4B41-8857-C9D96989A6D8}"
	ProjectSection(ProjectDependencies) = postProject
		{4C95AD3B-6399-48B6-B9C9-62714E37B650} = {4C95AD3B-6399-48B6-B9C9-62714E37B650}
	EndProjectSection
EndProject
Project("{8BC9CEB8-8B4A-11D0-8D11-00A0C91BC942}") = "TlsMemoryPoolSoakTest", "TlsMemoryPoolSoakTest\TlsMemoryPoolSoakTest.vcxproj", "{2D7A22E4-95B4-4C3B-B1E7-E641CF7FD286}"
	ProjectSection(ProjectDependencies) = postProject
		{4C95AD3B-6399-48B6-B9C9-62714E37B650} = {4C95AD3B-6399-48B6-B9C9-62714E37B650}
	EndProjectSection
EndProject
Project("{2150E333-8FDC-42A3-9474-1A3956D46DE8}") = "Tools", "Tools", "{07C2787E-EAC7-C090-1BA3-A61EC2A24D84}"
EndProject
Project("{FAE04EC0-301F-11D3-BF4B-00C04F79EFBC}") = "PacketGenerator", "Tools\PacketGenerator\PacketGenerator.csproj", "{0DD3DB61-502F-4A3F-8283-B554863C2D05}"
EndProject
Global
	GlobalSection(SolutionConfigurationPlatforms) = preSolution
		Debug|x64 = Debug|x64
		Debug|Any CPU = Debug|Any CPU
		Debug|x86 = Debug|x86
		Release|x64 = Release|x64
		Release|Any CPU = Release|Any CPU
		Release|x86 = Release|x86
	EndGlobalSection
	GlobalSection(ProjectConfigurationPlatforms) = postSolution
		{4C95AD3B-6399-48B6-B9C9-62714E37B650}.Debug|x64.ActiveCfg = Debug|x64
		{4C95AD3B-6399-48B6-B9C9-62714E37B650}.Debug|x64.Build.0 = Debug|x64
		{4C95AD3B-6399-48B6-B9C9-62714E37B650}.Debug|Any CPU.ActiveCfg = Debug|x64
		{4C95AD3B-6399-48B6-B9C9-62714E37B650}.Debug|Any CPU.Build.0 = Debug|x64
		{4C95AD3B-6399-48B6-B9C9-62714E37B650}.Debug|x86.ActiveCfg = Debug|Win32
		{4C95AD3B-6399-48B6-B9C9-62714E37B650}.Debug|x86.Build.0 = Debug|Win32
		{4C95AD3B-6399-48B6-B9C9-62714E37B650}.Release|x64.ActiveCfg = Release|x64
		{4C95AD3B-6399-48B6-B9C9-62714E37B650}.Release|x64.Build.0 = Release|x64
		{4C95AD3B-6399-48B6-B9C9-62714E37B650}.Release|Any CPU.ActiveCfg = Release|x64
		{4C95AD3B-6399-48B6-B9C9-62714E37B650}.Release|Any CPU.Build.0 = Release|x64
		{4C95AD3B-6399-48B6-B9C9-62714E37B650}.Release|x86.ActiveCfg = Release|Win32
		{4C95AD3B-6399-48B6-B9C9-62714E37B650}.Release|x86.Build.0 = Release|Win32
		{1E3B65A5-5AE3-4AA0-9471-88AB92F756D4}.Debug|x64.ActiveCfg = Debug|x64
		{1E3B65A5-5AE3-4AA0-9471-88AB92F756D4}.Debug|x64.Build.0 = Debug|x64
		{1E3B65A5-5AE3-4AA0-9471-88AB92F756D4}.Debug|Any CPU.ActiveCfg = Debug|x64
		{1E3B65A5-5AE3-4AA0-9471-88AB92F756D4}.Debug|Any CPU.Build.0 = Debug|x64
		{1E3B65A5-5AE3-4AA0-9471-88AB92F756D4}.Debug|x86.ActiveCfg = Debug|Win32
		{1E3B65A5-5AE3-4AA0-9471-88AB92F756D4}.Debug|x86.Build.0 = Debug|Win32
		{1E3B65A5-5AE3-4AA0-9471-88AB92F756D4}.Release|x64.ActiveCfg = Release|x64
		{1E3B65A5-5AE3-4AA0-9471-88AB92F756D4}.Release|x64.Build.0 = Release|x64
		{1E3B65A5-5AE3-4AA0-9471-88AB92F756D4}.Release|Any CPU.ActiveCfg = Release|x64
		{1E3B65A5-5AE3-4AA0-9471-88AB92F756D4}.Release|Any CPU.Build.0 = Release|x64
		{1E3B65A5-5AE3-4AA0-9471-88AB92F756D4}.Release|x86.ActiveCfg = Release|Win32
		{1E3B65A5-5AE3-4AA0-9471-88AB92F756D4}.Release|x86.Build.0 = Release|Win32
		{6DDA23C4-7151-41D4-8C7A-2CEB33453FD6}.Debug|x64.ActiveCfg = Debug|x64
		{6DDA23C4-7151-41D4-8C7A-2CEB33453FD6}.Debug|x64.Build.0 = Debug|x64
		{6DDA23C4-7151-41D4-8C7A-2CEB33453FD6}.Debug|Any CPU.ActiveCfg = Debug|x64
		{6DDA23C4-7151-41D4-8C7A-2CEB33453FD6}.Debug|Any CPU.Build.0 = Debug|x64
		{6DDA23C4-7151-41D4-8C7A-2CEB33453FD6}.Debug|x86.ActiveCfg = Debug|Win32
		{6DDA23C4-7151-41D4-8C7A-2CEB33453FD6}.Debug|x86.Build.0 = Debug|Win32
		{6DDA23C4-7151-41D4-8C7A-2CEB33453FD6}.Release|x64.ActiveCfg = Release|x64
		{6DDA23C4-7151-41D4-8C7A-2CEB33453FD6}.Release|x64.Build.0 = Release|x64
		{6DDA23C4-7151-41D4-8C7A-2CEB33453FD6}.Release|Any CPU.ActiveCfg = Release|x64
		{6DDA23C4-7151-41D4-8C7A-2CEB33453FD6}.Release|Any CPU.Build.0 = Release|x64
		{6DDA23C4-7151-41D4-8C7A-2CEB33453FD6}.Release|x86.ActiveCfg = Release|Win32
		{6DDA23C4-7151-41D4-8C7A-2CEB33453FD6}.Release|x86.Build.0 = Release|Win32
		{CB80450E-2A66-4A95-95D8-BC341C62C3A1}.Debug|x64.ActiveCfg = Debug|x64
		{CB80450E-2A66-4A95-95D8-BC341C62C3A1}.Debug|x64.Build.0 = Debug|x64
		{CB80450E-2A66-4A95-95D8-BC341C62C3A1}.Debug|Any CPU.ActiveCfg = Debug|x64
		{CB80450E-2A66-4A95-95D8-BC341C62C3A1}.Debug|Any CPU.Build.0 = Debug|x64
		{CB80450E-2A66-4A95-95D8-BC341C62C3A1}.Debug|x86.ActiveCfg = Debug|Win32
		{CB80450E-2A66-4A95-95D8-BC341C62C3A1}.Debug|x86.Build.0 = Debug|Win32
		{CB80450E-2A66-4A95-95D8-BC341C62C3A1}.Release|x64.ActiveCfg = Release|x64
		{CB80450E-2A66-4A95-95D8-BC341C62C3A1}.Release|x64.Build.0 = Release|x64
		{CB80450E-2A66-4A95-95D8-BC341C62C3A1}.Release|Any CPU.ActiveCfg = Release|x64
		{CB80450E-2A66-4A95-95D8-BC341C62C3A1}.Release|Any CPU.Build.0 = Release|x64
		{CB80450E-2A66-4A95-95D8-BC341C62C3A1}.Release|x86.ActiveCfg = Release|Win32
		{CB80450E-2A66-4A95-95D8-BC341C62C3A1}.Release|x86.Build.0 = Release|Win32
		{6844A1A8-C2AB-4C43-9025-264AE7EC7E5B}.Debug|x64.ActiveCfg = Debug|x64
		{6844A1A8-C2AB-4C43-9025-264AE7EC7E5B}.Debug|x64.Build.0 = Debug|x64
		{6844A1A8-C2AB-4C43-9025-264AE7EC7E5B}.Debug|Any CPU.ActiveCfg = Debug|x64
		{6844A1A8-C2AB-4C43-9025-264AE7EC7E5B}.Debug|Any CPU.Build.0 = Debug|x64
		{6844A1A8-C2AB-4C43-9025-264AE7EC7E5B}.Debug|x86.ActiveCfg = Debug|Win32
		{6844A1A8-C2AB-4C43-9025-264AE7EC7E5B}.Debug|x86.Build.0 = Debug|Win32
		{6844A1A8-C2AB-4C43-9025-264AE7EC7E5B}.Release|x64.ActiveCfg = Release|x64
		{6844A1A8-C2AB-4C43-9025-264AE7EC7E5B}.Release|x64.Build.0 = Release|x64
		{6844A1A8-C2AB-4C43-9025-264AE7EC7E5B}.Release|Any CPU.ActiveCfg = Release|x64
		{6844A1A8-C2AB-4C43-9025-264AE7EC7E5B}.Release|Any CPU.Build.0 = Release|x64
		{6844A1A8-C2AB-4C43-9025-264AE7EC7E5B}.Release|x86.ActiveCfg = Release|Win32
		{6844A1A8-C2AB-4C43-9025-264AE7EC7E5B}.Release|x86.Build.0 = Release|Win32
		{A7B5FD29-C4D6-4C41-9D67-59B3D4FEA2D1}.Debug|x64.ActiveCfg = Debug|x64
		{A7B5FD29-C4D6-4C41-9D67-59B3D4FEA2D1}.Debug|x64.Build.0 = Debug|x64
		{A7B5FD29-C4D6-4C41-9D67-59B3D4FEA2D1}.Debug|Any CPU.ActiveCfg = Debug|x64
		{A7B5FD29-C4D6-4C41-9D67-59B3D4FEA2D1}.Debug|Any CPU.Build.0 = Debug|x64
		{A7B5FD29-C4D6-4C41-9D67-59B3D4FEA2D1}.Debug|x86.ActiveCfg = Debug|Win32
		{A7B5FD29-C4D6-4C41-9D67-59B3D4FEA2D1}.Debug|x86.Build.0 = Debug|Win32
		{A7B5FD29-C4D6-4C41-9D67-59B3D4FEA2D1}.Release|x64.ActiveCfg = Release|x64
		{A7B5FD29-C4D6-4C41-9D67-59B3D4FEA2D1}.Release|x64.Build.0 = Release|x64
		{A7B5FD29-C4D6-4C41-9D67-59B3D4FEA2D1}.Release|Any CPU.ActiveCfg = Release|x64
		{A7B5FD29-C4D6-4C41-9D67-59B3D4FEA2D1}.Release|Any CPU.Build.0 = Release|x64
		{A7B5FD29-C4D6-4C41-9D67-59B3D4FEA2D1}.Release|x86.ActiveCfg = Release|Win32
		{A7B5FD29-C4D6-4C41-9D67-59B3D4FEA2D1}.Release|x86.Build.0 = Release|Win32
		{C52E48EE-0B32-4B41-8857-C9D96989A6D8}.Debug|x64.ActiveCfg = Debug|x64
		{C52E48EE-0B32-4B41-8857-C9D96989A6D8}.Debug|x64.Build.0 = Debug|x64
		{C52E48EE-0B32-4B41-8857-C9D96989A6D8}.Debug|Any CPU.ActiveCfg = Debug|x64
		{C52E48EE-0B32-4B41-8857-C9D96989A6D8}.Debug|Any CPU.Build.0 = Debug|x64
		{C52E48EE-0B32-4B41-8857-C9D96989A6D8}.Debug|x86.ActiveCfg = Debug|Win32
		{C52E48EE-0B32-4B41-8857-C9D96989A6D8}.Debug|x86.Build.0 = Debug|Win32
		{C52E48EE-0B32-4B41-8857-C9D96989A6D8}.Release|x64.ActiveCfg = Release|x64
		{C52E48EE-0B32-4B41-8857-C9D96989A6D8}.Release|x64.Build.0 = Release|x64
		{C52E48EE-0B32-4B41-8857-C9D96989A6D8}.Release|Any CPU.ActiveCfg = Release|x64
		{C52E48EE-0B32-4B41-8857-C9D96989A6D8}.Release|Any CPU.Build.0 = Release|x64
		{C52E48EE-0B32-4B41-8857-C9D96989A6D8}.Release|x86.ActiveCfg = Release|Win32
		{C52E48EE-0B32-4B41-8857-C9D96989A6D8}.Release|x86.Build.0 = Release|Win32
		{2D7A22E4-95B4-4C3B-B1E7-E641CF7FD286}.Debug|x64.ActiveCfg = Debug|x64
		{2D7A22E4-95B4-4C3B-B1E7-E641CF7FD286}.Debug|x64.Build.0 = Debug|x64
		{2D7A22E4-95B4-4C3B-B1E7-E641CF7FD286}.Debug|Any CPU.ActiveCfg = Debug|x64
		{2D7A22E4-95B4-4C3B-B1E7-E641CF7FD286}.Debug|Any CPU.Build.0 = Debug|x64
		{2D7A22E4-95B4-4C3B-B1E7-E641CF7FD286}.Debug|x86.ActiveCfg = Debug|Win32
		{2D7A22E4-95B4-4C3B-B1E7-E641CF7FD286}.Debug|x86.Build.0 = Debug|Win32
		{2D7A22E4-95B4-4C3B-B1E7-E641CF7FD286}.Release|x64.ActiveCfg = Release|x64
		{2D7A22E4-95B4-4C3B-B1E7-E641CF7FD286}.Release|x64.Build.0 = Release|x64
		{2D7A22E4-95B4-4C3B-B1E7-E641CF7FD286}.Release|Any CPU.ActiveCfg = Release|x64
		{2D7A22E4-95B4-4C3B-B1E7-E641CF7FD286}.Release|Any CPU.Build.0 = Release|x64
		{2D7A22E4-95B4-4C3B-B1E7-E641CF7FD286}.Release|x86.ActiveCfg = Release|Win32
		{2D7A22E4-95B4-4C3B-B1E7-E641CF7FD286}.Release|x86.Build.0 = Release|Win32
		{0DD3DB61-502F-4A3F-8283-B554863C2D05}.Debug|x64.ActiveCfg = Debug|Any CPU
		{0DD3DB61-502F-4A3F-8283-B554863C2D05}.Debug|x64.Build.0 = Debug|Any CPU
		{0DD3DB61-502F-4A3F-8283-B554863C2D05}.Debug|Any CPU.ActiveCfg = Debug|Any CPU
		{0DD3DB61-502F-4A3F-8283-B554863C2D05}.Debug|Any CPU.Build.0 = Debug|Any CPU
		{0DD3DB61-502F-4A3F-8283-B554863C2D05}.Debug|x86.ActiveCfg = Debug|Any CPU
		{0DD3DB61-502F-4A3F-8283-B554863C2D05}.Debug|x86.Build.0 = Debug|Any CPU
		{0DD3DB61-502F-4A3F-8283-B554863C2D05}.Release|x64.ActiveCfg = Release|Any CPU
		{0DD3DB61-502F-4A3F-8283-B554863C2D05}.Release|x64.Build.0 = Release|Any CPU
		{0DD3DB61-502F-4A3F-8283-B554863C2D05}.Release|Any CPU.ActiveCfg = Release|Any CPU
		{0DD3DB61-502F-4A3F-8283-B554863C2D05}.Release|Any CPU.Build.0 = Release|Any CPU
		{0DD3DB61-502F-4A3F-8283-B554863C2D05}.Release|x86.ActiveCfg = Release|Any CPU
		{0DD3DB61-502F-4A3F-8283-B554863C2D05}.Release|x86.Build.0 = Release|Any CPU
	EndGlobalSection
	GlobalSection(SolutionProperties) = preSolution
		HideSolutionNode = FALSE
	EndGlobalSection
	GlobalSection(NestedProjects) = preSolution
		{0DD3DB61-502F-4A3F-8283-B554863C2D05} = {07C2787E-EAC7-C090-1BA3-A61EC2A24D84}
	EndGlobalSection
EndGlobal
